
Microsoft Visual Studio Solution File, Format Version 12.00
# Visual Studio Version 17
VisualStudioVersion = 17.7.34221.43
MinimumVisualStudioVersion = 10.0.40219.1
Project("{FAE04EC0-301F-11D3-BF4B-00C04F79EFBC}") = "WCFService", "WCFService\WCFService.csproj", "{EBC7D788-E5AE-4FE0-85AC-E05998E6AF90}"
EndProject
Project("{FAE04EC0-301F-11D3-BF4B-00C04F79EFBC}") = "WCFServiceHost", "WCFServiceHost\WCFServiceHost.csproj", "{562D4B49-97FC-462A-AEDC-31703422DBC2}"
EndProject
Global
	GlobalSection(SolutionConfigurationPlatforms) = preSolution
		Debug|Any CPU = Debug|Any CPU
		Release|Any CPU = Release|Any CPU
	EndGlobalSection
	GlobalSection(ProjectConfigurationPlatforms) = postSolution
		{EBC7D788-E5AE-4FE0-85AC-E05998E6AF90}.Debug|Any CPU.ActiveCfg = Debug|Any CPU
		{EBC7D788-E5AE-4FE0-85AC-E05998E6AF90}.Debug|Any CPU.Build.0 = Debug|Any CPU
		{EBC7D788-E5AE-4FE0-85AC-E05998E6AF90}.Release|Any CPU.ActiveCfg = Release|Any CPU
		{EBC7D788-E5AE-4FE0-85AC-E05998E6AF90}.Release|Any CPU.Build.0 = Release|Any CPU
		{562D4B49-97FC-462A-AEDC-31703422DBC2}.Debug|Any CPU.ActiveCfg = Debug|Any CPU
		{562D4B49-97FC-462A-AEDC-31703422DBC2}.Debug|Any CPU.Build.0 = Debug|Any CPU
		{562D4B49-97FC-462A-AEDC-31703422DBC2}.Release|Any CPU.ActiveCfg = Release|Any CPU
		{562D4B49-97FC-462A-AEDC-31703422DBC2}.Release|Any CPU.Build.0 = Release|Any CPU
	EndGlobalSection
	GlobalSection(SolutionProperties) = preSolution
		HideSolutionNode = FALSE
	EndGlobalSection
	GlobalSection(ExtensibilityGlobals) = postSolution
		SolutionGuid = {464AB9CA-AD19-4B7E-9E31-8EE2BDF026CD}
	EndGlobalSection
EndGlobal
